
Microsoft Visual Studio Solution File, Format Version 12.00
# Visual Studio Version 17
VisualStudioVersion = 17.8.34525.116
MinimumVisualStudioVersion = 10.0.40219.1
Project("{9A19103F-16F7-4668-BE54-9A1E7A4F7556}") = "rps2", "rps2.csproj", "{4B41A197-C5F2-4564-AC58-C48B5E8D66F1}"
EndProject
Project("{2150E333-8FDC-42A3-9474-1A3956D46DE8}") = "Solution Items", "Solution Items", "{719FF4A3-1D92-4448-AD80-CC12A964038C}"
	ProjectSection(SolutionItems) = preProject
		.editorconfig = .editorconfig
	EndProjectSection
EndProject
Global
	GlobalSection(SolutionConfigurationPlatforms) = preSolution
		Debug|Any CPU = Debug|Any CPU
		Release|Any CPU = Release|Any CPU
	EndGlobalSection
	GlobalSection(ProjectConfigurationPlatforms) = postSolution
		{4B41A197-C5F2-4564-AC58-C48B5E8D66F1}.Debug|Any CPU.ActiveCfg = Debug|Any CPU
		{4B41A197-C5F2-4564-AC58-C48B5E8D66F1}.Debug|Any CPU.Build.0 = Debug|Any CPU
		{4B41A197-C5F2-4564-AC58-C48B5E8D66F1}.Release|Any CPU.ActiveCfg = Release|Any CPU
		{4B41A197-C5F2-4564-AC58-C48B5E8D66F1}.Release|Any CPU.Build.0 = Release|Any CPU
	EndGlobalSection
	GlobalSection(SolutionProperties) = preSolution
		HideSolutionNode = FALSE
	EndGlobalSection
	GlobalSection(ExtensibilityGlobals) = postSolution
		SolutionGuid = {E5DFF02B-2B5F-4CD6-B39D-C62F798B059A}
	EndGlobalSection
EndGlobal
